{
  "version": "3",
  "packages": {
    "specifiers": {
      "npm:@swc/core": "npm:@swc/core@1.3.107"
    },
    "npm": {
      "@swc/core-darwin-arm64@1.3.107": {
        "integrity": "sha512-47tD/5vSXWxPd0j/ZllyQUg4bqalbQTsmqSw0J4dDdS82MWqCAwUErUrAZPRjBkjNQ6Kmrf5rpCWaGTtPw+ngw==",
        "dependencies": {}
      },
      "@swc/core-darwin-x64@1.3.107": {
        "integrity": "sha512-hwiLJ2ulNkBGAh1m1eTfeY1417OAYbRGcb/iGsJ+LuVLvKAhU/itzsl535CvcwAlt2LayeCFfcI8gdeOLeZa9A==",
        "dependencies": {}
      },
      "@swc/core-linux-arm-gnueabihf@1.3.107": {
        "integrity": "sha512-I2wzcC0KXqh0OwymCmYwNRgZ9nxX7DWnOOStJXV3pS0uB83TXAkmqd7wvMBuIl9qu4Hfomi9aDM7IlEEn9tumQ==",
        "dependencies": {}
      },
      "@swc/core-linux-arm64-gnu@1.3.107": {
        "integrity": "sha512-HWgnn7JORYlOYnGsdunpSF8A+BCZKPLzLtEUA27/M/ZuANcMZabKL9Zurt7XQXq888uJFAt98Gy+59PU90aHKg==",
        "dependencies": {}
      },
      "@swc/core-linux-arm64-musl@1.3.107": {
        "integrity": "sha512-vfPF74cWfAm8hyhS8yvYI94ucMHIo8xIYU+oFOW9uvDlGQRgnUf/6DEVbLyt/3yfX5723Ln57U8uiMALbX5Pyw==",
        "dependencies": {}
      },
      "@swc/core-linux-x64-gnu@1.3.107": {
        "integrity": "sha512-uBVNhIg0ip8rH9OnOsCARUFZ3Mq3tbPHxtmWk9uAa5u8jQwGWeBx5+nTHpDOVd3YxKb6+5xDEI/edeeLpha/9g==",
        "dependencies": {}
      },
      "@swc/core-linux-x64-musl@1.3.107": {
        "integrity": "sha512-mvACkUvzSIB12q1H5JtabWATbk3AG+pQgXEN95AmEX2ZA5gbP9+B+mijsg7Sd/3tboHr7ZHLz/q3SHTvdFJrEw==",
        "dependencies": {}
      },
      "@swc/core-win32-arm64-msvc@1.3.107": {
        "integrity": "sha512-J3P14Ngy/1qtapzbguEH41kY109t6DFxfbK4Ntz9dOWNuVY3o9/RTB841ctnJk0ZHEG+BjfCJjsD2n8H5HcaOA==",
        "dependencies": {}
      },
      "@swc/core-win32-ia32-msvc@1.3.107": {
        "integrity": "sha512-ZBUtgyjTHlz8TPJh7kfwwwFma+ktr6OccB1oXC8fMSopD0AxVnQasgun3l3099wIsAB9eEsJDQ/3lDkOLs1gBA==",
        "dependencies": {}
      },
      "@swc/core-win32-x64-msvc@1.3.107": {
        "integrity": "sha512-Eyzo2XRqWOxqhE1gk9h7LWmUf4Bp4Xn2Ttb0ayAXFp6YSTxQIThXcT9kipXZqcpxcmDwoq8iWbbf2P8XL743EA==",
        "dependencies": {}
      },
      "@swc/core@1.3.107": {
        "integrity": "sha512-zKhqDyFcTsyLIYK1iEmavljZnf4CCor5pF52UzLAz4B6Nu/4GLU+2LQVAf+oRHjusG39PTPjd2AlRT3f3QWfsQ==",
        "dependencies": {
          "@swc/core-darwin-arm64": "@swc/core-darwin-arm64@1.3.107",
          "@swc/core-darwin-x64": "@swc/core-darwin-x64@1.3.107",
          "@swc/core-linux-arm-gnueabihf": "@swc/core-linux-arm-gnueabihf@1.3.107",
          "@swc/core-linux-arm64-gnu": "@swc/core-linux-arm64-gnu@1.3.107",
          "@swc/core-linux-arm64-musl": "@swc/core-linux-arm64-musl@1.3.107",
          "@swc/core-linux-x64-gnu": "@swc/core-linux-x64-gnu@1.3.107",
          "@swc/core-linux-x64-musl": "@swc/core-linux-x64-musl@1.3.107",
          "@swc/core-win32-arm64-msvc": "@swc/core-win32-arm64-msvc@1.3.107",
          "@swc/core-win32-ia32-msvc": "@swc/core-win32-ia32-msvc@1.3.107",
          "@swc/core-win32-x64-msvc": "@swc/core-win32-x64-msvc@1.3.107",
          "@swc/counter": "@swc/counter@0.1.2",
          "@swc/types": "@swc/types@0.1.5"
        }
      },
      "@swc/counter@0.1.2": {
        "integrity": "sha512-9F4ys4C74eSTEUNndnER3VJ15oru2NumfQxS8geE+f3eB5xvfxpWyqE5XlVnxb/R14uoXi6SLbBwwiDSkv+XEw==",
        "dependencies": {}
      },
      "@swc/types@0.1.5": {
        "integrity": "sha512-myfUej5naTBWnqOCc/MdVOLVjXUXtIA+NpDrDBKJtLLg2shUjBu3cZmB/85RyitKc55+lUUyl7oRfLOvkr2hsw==",
        "dependencies": {}
      }
    }
  },
  "redirects": {
    "https://deno.land/std/async/mod.ts": "https://deno.land/std@0.213.0/async/mod.ts"
  },
  "remote": {}
}
